
Microsoft Visual Studio Solution File, Format Version 12.00
# Visual Studio Version 17
VisualStudioVersion = 17.13.35825.156 d17.13
MinimumVisualStudioVersion = 10.0.40219.1
Project("{FAE04EC0-301F-11D3-BF4B-00C04F79EFBC}") = "kopapirollo", "kopapirollo\kopapirollo.csproj", "{6BC30008-2E06-44B9-BC88-08E729FE26E3}"
EndProject
Global
	GlobalSection(SolutionConfigurationPlatforms) = preSolution
		Debug|Any CPU = Debug|Any CPU
		Release|Any CPU = Release|Any CPU
	EndGlobalSection
	GlobalSection(ProjectConfigurationPlatforms) = postSolution
		{6BC30008-2E06-44B9-BC88-08E729FE26E3}.Debug|Any CPU.ActiveCfg = Debug|Any CPU
		{6BC30008-2E06-44B9-BC88-08E729FE26E3}.Debug|Any CPU.Build.0 = Debug|Any CPU
		{6BC30008-2E06-44B9-BC88-08E729FE26E3}.Release|Any CPU.ActiveCfg = Release|Any CPU
		{6BC30008-2E06-44B9-BC88-08E729FE26E3}.Release|Any CPU.Build.0 = Release|Any CPU
	EndGlobalSection
	GlobalSection(SolutionProperties) = preSolution
		HideSolutionNode = FALSE
	EndGlobalSection
	GlobalSection(ExtensibilityGlobals) = postSolution
		SolutionGuid = {CD0B7F55-9A6C-4EE1-887D-5DC53F478335}
	EndGlobalSection
EndGlobal
